
Microsoft Visual Studio Solution File, Format Version 12.00
# Visual Studio Version 16
VisualStudioVersion = 16.0.29519.87
MinimumVisualStudioVersion = 10.0.40219.1
Project("{FAE04EC0-301F-11D3-BF4B-00C04F79EFBC}") = "Skyfall", "Skyfall\Skyfall.csproj", "{A1B9A9A6-9046-4E96-A162-860DD7D3609D}"
EndProject
Global
	GlobalSection(SolutionConfigurationPlatforms) = preSolution
		Debug|Any CPU = Debug|Any CPU
		Release|Any CPU = Release|Any CPU
	EndGlobalSection
	GlobalSection(ProjectConfigurationPlatforms) = postSolution
		{A1B9A9A6-9046-4E96-A162-860DD7D3609D}.Debug|Any CPU.ActiveCfg = Debug|Any CPU
		{A1B9A9A6-9046-4E96-A162-860DD7D3609D}.Debug|Any CPU.Build.0 = Debug|Any CPU
		{A1B9A9A6-9046-4E96-A162-860DD7D3609D}.Release|Any CPU.ActiveCfg = Release|Any CPU
		{A1B9A9A6-9046-4E96-A162-860DD7D3609D}.Release|Any CPU.Build.0 = Release|Any CPU
	EndGlobalSection
	GlobalSection(SolutionProperties) = preSolution
		HideSolutionNode = FALSE
	EndGlobalSection
	GlobalSection(ExtensibilityGlobals) = postSolution
		SolutionGuid = {512E2624-5089-4315-B23E-BDA2D366DC8E}
	EndGlobalSection
EndGlobal
